
Microsoft Visual Studio Solution File, Format Version 12.00
# Visual Studio Version 17
VisualStudioVersion = 17.8.34511.84
MinimumVisualStudioVersion = 10.0.40219.1
Project("{FAE04EC0-301F-11D3-BF4B-00C04F79EFBC}") = "Cliente WebService", "Cliente WebService.csproj", "{4AE69E27-4B20-46B3-BD6A-EC708E4EE0F9}"
EndProject
Global
	GlobalSection(SolutionConfigurationPlatforms) = preSolution
		Debug|Any CPU = Debug|Any CPU
		Release|Any CPU = Release|Any CPU
	EndGlobalSection
	GlobalSection(ProjectConfigurationPlatforms) = postSolution
		{4AE69E27-4B20-46B3-BD6A-EC708E4EE0F9}.Debug|Any CPU.ActiveCfg = Debug|Any CPU
		{4AE69E27-4B20-46B3-BD6A-EC708E4EE0F9}.Debug|Any CPU.Build.0 = Debug|Any CPU
		{4AE69E27-4B20-46B3-BD6A-EC708E4EE0F9}.Release|Any CPU.ActiveCfg = Release|Any CPU
		{4AE69E27-4B20-46B3-BD6A-EC708E4EE0F9}.Release|Any CPU.Build.0 = Release|Any CPU
	EndGlobalSection
	GlobalSection(SolutionProperties) = preSolution
		HideSolutionNode = FALSE
	EndGlobalSection
	GlobalSection(ExtensibilityGlobals) = postSolution
		SolutionGuid = {6B631EE8-328A-4D60-96EF-FE44A0311421}
	EndGlobalSection
EndGlobal
